
Microsoft Visual Studio Solution File, Format Version 12.00
# Visual Studio Version 17
VisualStudioVersion = 17.0.31903.59
MinimumVisualStudioVersion = 10.0.40219.1
Project("{2150E333-8FDC-42A3-9474-1A3956D46DE8}") = "src", "src", "{4516E27E-2F33-48C4-9FF4-C80485767905}"
EndProject
Project("{FAE04EC0-301F-11D3-BF4B-00C04F79EFBC}") = "Api", "src\Api\Api.csproj", "{ED9B862E-BAB4-47C7-8CF5-6521A4D5B223}"
EndProject
Project("{FAE04EC0-301F-11D3-BF4B-00C04F79EFBC}") = "Core", "src\Core\Core.csproj", "{37CFCF7D-F833-4627-A0A7-3128CC1DCD45}"
EndProject
Project("{FAE04EC0-301F-11D3-BF4B-00C04F79EFBC}") = "Cli", "src\Cli\Cli.csproj", "{0A8BBA2B-91EF-488C-8E7C-A383DCAA75E5}"
EndProject
Project("{2150E333-8FDC-42A3-9474-1A3956D46DE8}") = "test", "test", "{8FBD365C-DC3E-425D-9D7A-CDC93E9817BC}"
EndProject
Project("{FAE04EC0-301F-11D3-BF4B-00C04F79EFBC}") = "Integration.Tests", "test\Integration.Tests\Integration.Tests.csproj", "{DDF7DB4D-AB58-4C5F-8B4C-B16CD9DFDD07}"
EndProject
Project("{FAE04EC0-301F-11D3-BF4B-00C04F79EFBC}") = "Unit.Tests", "test\Unit.Tests\Unit.Tests.csproj", "{FBE5B569-C677-466D-BEF2-3B0E0CAF9449}"
EndProject
Project("{FAE04EC0-301F-11D3-BF4B-00C04F79EFBC}") = "OperationsConsumer", "src\OperationsConsumer\OperationsConsumer.csproj", "{94898E1A-A9B1-42E2-A2FC-9FFC1056BCDB}"
EndProject
Global
	GlobalSection(SolutionConfigurationPlatforms) = preSolution
		Debug|Any CPU = Debug|Any CPU
		Release|Any CPU = Release|Any CPU
	EndGlobalSection
	GlobalSection(SolutionProperties) = preSolution
		HideSolutionNode = FALSE
	EndGlobalSection
	GlobalSection(ProjectConfigurationPlatforms) = postSolution
		{ED9B862E-BAB4-47C7-8CF5-6521A4D5B223}.Debug|Any CPU.ActiveCfg = Debug|Any CPU
		{ED9B862E-BAB4-47C7-8CF5-6521A4D5B223}.Debug|Any CPU.Build.0 = Debug|Any CPU
		{ED9B862E-BAB4-47C7-8CF5-6521A4D5B223}.Release|Any CPU.ActiveCfg = Release|Any CPU
		{ED9B862E-BAB4-47C7-8CF5-6521A4D5B223}.Release|Any CPU.Build.0 = Release|Any CPU
		{37CFCF7D-F833-4627-A0A7-3128CC1DCD45}.Debug|Any CPU.ActiveCfg = Debug|Any CPU
		{37CFCF7D-F833-4627-A0A7-3128CC1DCD45}.Debug|Any CPU.Build.0 = Debug|Any CPU
		{37CFCF7D-F833-4627-A0A7-3128CC1DCD45}.Release|Any CPU.ActiveCfg = Release|Any CPU
		{37CFCF7D-F833-4627-A0A7-3128CC1DCD45}.Release|Any CPU.Build.0 = Release|Any CPU
		{0A8BBA2B-91EF-488C-8E7C-A383DCAA75E5}.Debug|Any CPU.ActiveCfg = Debug|Any CPU
		{0A8BBA2B-91EF-488C-8E7C-A383DCAA75E5}.Debug|Any CPU.Build.0 = Debug|Any CPU
		{0A8BBA2B-91EF-488C-8E7C-A383DCAA75E5}.Release|Any CPU.ActiveCfg = Release|Any CPU
		{0A8BBA2B-91EF-488C-8E7C-A383DCAA75E5}.Release|Any CPU.Build.0 = Release|Any CPU
		{DDF7DB4D-AB58-4C5F-8B4C-B16CD9DFDD07}.Debug|Any CPU.ActiveCfg = Debug|Any CPU
		{DDF7DB4D-AB58-4C5F-8B4C-B16CD9DFDD07}.Debug|Any CPU.Build.0 = Debug|Any CPU
		{DDF7DB4D-AB58-4C5F-8B4C-B16CD9DFDD07}.Release|Any CPU.ActiveCfg = Release|Any CPU
		{DDF7DB4D-AB58-4C5F-8B4C-B16CD9DFDD07}.Release|Any CPU.Build.0 = Release|Any CPU
		{FBE5B569-C677-466D-BEF2-3B0E0CAF9449}.Debug|Any CPU.ActiveCfg = Debug|Any CPU
		{FBE5B569-C677-466D-BEF2-3B0E0CAF9449}.Debug|Any CPU.Build.0 = Debug|Any CPU
		{FBE5B569-C677-466D-BEF2-3B0E0CAF9449}.Release|Any CPU.ActiveCfg = Release|Any CPU
		{FBE5B569-C677-466D-BEF2-3B0E0CAF9449}.Release|Any CPU.Build.0 = Release|Any CPU
		{94898E1A-A9B1-42E2-A2FC-9FFC1056BCDB}.Debug|Any CPU.ActiveCfg = Debug|Any CPU
		{94898E1A-A9B1-42E2-A2FC-9FFC1056BCDB}.Debug|Any CPU.Build.0 = Debug|Any CPU
		{94898E1A-A9B1-42E2-A2FC-9FFC1056BCDB}.Release|Any CPU.ActiveCfg = Release|Any CPU
		{94898E1A-A9B1-42E2-A2FC-9FFC1056BCDB}.Release|Any CPU.Build.0 = Release|Any CPU
	EndGlobalSection
	GlobalSection(NestedProjects) = preSolution
		{ED9B862E-BAB4-47C7-8CF5-6521A4D5B223} = {4516E27E-2F33-48C4-9FF4-C80485767905}
		{37CFCF7D-F833-4627-A0A7-3128CC1DCD45} = {4516E27E-2F33-48C4-9FF4-C80485767905}
		{0A8BBA2B-91EF-488C-8E7C-A383DCAA75E5} = {4516E27E-2F33-48C4-9FF4-C80485767905}
		{DDF7DB4D-AB58-4C5F-8B4C-B16CD9DFDD07} = {8FBD365C-DC3E-425D-9D7A-CDC93E9817BC}
		{FBE5B569-C677-466D-BEF2-3B0E0CAF9449} = {8FBD365C-DC3E-425D-9D7A-CDC93E9817BC}
		{94898E1A-A9B1-42E2-A2FC-9FFC1056BCDB} = {4516E27E-2F33-48C4-9FF4-C80485767905}
	EndGlobalSection
EndGlobal
